// !$*UTF8*$!
{
	archiveVersion = 1;
	classes = {
	};
	objectVersion = 46;
	objects = {

/* Begin PBXBuildFile section */
		7868AF24171DDF7C005A8219 /* MapMenuView.m in Sources */ = {isa = PBXBuildFile; fileRef = 7868AF23171DDF7C005A8219 /* MapMenuView.m */; };
		F183D2AE171D3C21007B2302 /* UIKit.framework in Frameworks */ = {isa = PBXBuildFile; fileRef = F183D2AD171D3C21007B2302 /* UIKit.framework */; };
		F183D2B0171D3C21007B2302 /* Foundation.framework in Frameworks */ = {isa = PBXBuildFile; fileRef = F183D2AF171D3C21007B2302 /* Foundation.framework */; };
		F183D2B2171D3C21007B2302 /* CoreGraphics.framework in Frameworks */ = {isa = PBXBuildFile; fileRef = F183D2B1171D3C21007B2302 /* CoreGraphics.framework */; };
		F183D2B8171D3C21007B2302 /* InfoPlist.strings in Resources */ = {isa = PBXBuildFile; fileRef = F183D2B6171D3C21007B2302 /* InfoPlist.strings */; };
		F183D2BA171D3C21007B2302 /* main.m in Sources */ = {isa = PBXBuildFile; fileRef = F183D2B9171D3C21007B2302 /* main.m */; };
		F183D2BE171D3C21007B2302 /* AppDelegate.m in Sources */ = {isa = PBXBuildFile; fileRef = F183D2BD171D3C21007B2302 /* AppDelegate.m */; };
		F183D2C0171D3C21007B2302 /* Default.png in Resources */ = {isa = PBXBuildFile; fileRef = F183D2BF171D3C21007B2302 /* Default.png */; };
		F183D2C2171D3C21007B2302 /* Default@2x.png in Resources */ = {isa = PBXBuildFile; fileRef = F183D2C1171D3C21007B2302 /* Default@2x.png */; };
		F183D2C4171D3C21007B2302 /* Default-568h@2x.png in Resources */ = {isa = PBXBuildFile; fileRef = F183D2C3171D3C21007B2302 /* Default-568h@2x.png */; };
		F183D2C7171D3C21007B2302 /* MainStoryboard_iPhone.storyboard in Resources */ = {isa = PBXBuildFile; fileRef = F183D2C5171D3C21007B2302 /* MainStoryboard_iPhone.storyboard */; };
		F183D2CA171D3C21007B2302 /* MainStoryboard_iPad.storyboard in Resources */ = {isa = PBXBuildFile; fileRef = F183D2C8171D3C21007B2302 /* MainStoryboard_iPad.storyboard */; };
		F183D2CD171D3C21007B2302 /* ViewController.m in Sources */ = {isa = PBXBuildFile; fileRef = F183D2CC171D3C21007B2302 /* ViewController.m */; };
		F183D2D4171D47E7007B2302 /* GoogleMaps.framework in Frameworks */ = {isa = PBXBuildFile; fileRef = F183D2D3171D47E7007B2302 /* GoogleMaps.framework */; };
		F183D2D8171D484B007B2302 /* GoogleMaps.bundle in Resources */ = {isa = PBXBuildFile; fileRef = F183D2D7171D484B007B2302 /* GoogleMaps.bundle */; };
		F183D2DA171D486B007B2302 /* AVFoundation.framework in Frameworks */ = {isa = PBXBuildFile; fileRef = F183D2D9171D486B007B2302 /* AVFoundation.framework */; };
		F183D2DC171D4874007B2302 /* CoreData.framework in Frameworks */ = {isa = PBXBuildFile; fileRef = F183D2DB171D4874007B2302 /* CoreData.framework */; };
		F183D2DE171D487A007B2302 /* CoreLocation.framework in Frameworks */ = {isa = PBXBuildFile; fileRef = F183D2DD171D487A007B2302 /* CoreLocation.framework */; };
		F183D2E0171D4881007B2302 /* CoreText.framework in Frameworks */ = {isa = PBXBuildFile; fileRef = F183D2DF171D4881007B2302 /* CoreText.framework */; };
		F183D2E2171D4887007B2302 /* GLKit.framework in Frameworks */ = {isa = PBXBuildFile; fileRef = F183D2E1171D4887007B2302 /* GLKit.framework */; };
		F183D2E4171D488C007B2302 /* ImageIO.framework in Frameworks */ = {isa = PBXBuildFile; fileRef = F183D2E3171D488C007B2302 /* ImageIO.framework */; };
		F183D2E6171D4896007B2302 /* libc++.dylib in Frameworks */ = {isa = PBXBuildFile; fileRef = F183D2E5171D4896007B2302 /* libc++.dylib */; };
		F183D2E8171D489F007B2302 /* libicucore.dylib in Frameworks */ = {isa = PBXBuildFile; fileRef = F183D2E7171D489F007B2302 /* libicucore.dylib */; };
		F183D2EA171D48A8007B2302 /* libz.dylib in Frameworks */ = {isa = PBXBuildFile; fileRef = F183D2E9171D48A8007B2302 /* libz.dylib */; };
		F183D2EC171D48AE007B2302 /* OpenGLES.framework in Frameworks */ = {isa = PBXBuildFile; fileRef = F183D2EB171D48AE007B2302 /* OpenGLES.framework */; };
		F183D2EE171D48B4007B2302 /* QuartzCore.framework in Frameworks */ = {isa = PBXBuildFile; fileRef = F183D2ED171D48B4007B2302 /* QuartzCore.framework */; };
		F183D2F0171D48BA007B2302 /* SystemConfiguration.framework in Frameworks */ = {isa = PBXBuildFile; fileRef = F183D2EF171D48BA007B2302 /* SystemConfiguration.framework */; };
/* End PBXBuildFile section */

/* Begin PBXFileReference section */
		7868AF22171DDF7C005A8219 /* MapMenuView.h */ = {isa = PBXFileReference; fileEncoding = 4; lastKnownFileType = sourcecode.c.h; path = MapMenuView.h; sourceTree = "<group>"; };
		7868AF23171DDF7C005A8219 /* MapMenuView.m */ = {isa = PBXFileReference; fileEncoding = 4; lastKnownFileType = sourcecode.c.objc; path = MapMenuView.m; sourceTree = "<group>"; };
		F183D2AA171D3C21007B2302 /* GMaps3D.app */ = {isa = PBXFileReference; explicitFileType = wrapper.application; includeInIndex = 0; path = GMaps3D.app; sourceTree = BUILT_PRODUCTS_DIR; };
		F183D2AD171D3C21007B2302 /* UIKit.framework */ = {isa = PBXFileReference; lastKnownFileType = wrapper.framework; name = UIKit.framework; path = System/Library/Frameworks/UIKit.framework; sourceTree = SDKROOT; };
		F183D2AF171D3C21007B2302 /* Foundation.framework */ = {isa = PBXFileReference; lastKnownFileType = wrapper.framework; name = Foundation.framework; path = System/Library/Frameworks/Foundation.framework; sourceTree = SDKROOT; };
		F183D2B1171D3C21007B2302 /* CoreGraphics.framework */ = {isa = PBXFileReference; lastKnownFileType = wrapper.framework; name = CoreGraphics.framework; path = System/Library/Frameworks/CoreGraphics.framework; sourceTree = SDKROOT; };
		F183D2B5171D3C21007B2302 /* GMaps3D-Info.plist */ = {isa = PBXFileReference; lastKnownFileType = text.plist.xml; path = "GMaps3D-Info.plist"; sourceTree = "<group>"; };
		F183D2B7171D3C21007B2302 /* en */ = {isa = PBXFileReference; lastKnownFileType = text.plist.strings; name = en; path = en.lproj/InfoPlist.strings; sourceTree = "<group>"; };
		F183D2B9171D3C21007B2302 /* main.m */ = {isa = PBXFileReference; lastKnownFileType = sourcecode.c.objc; path = main.m; sourceTree = "<group>"; };
		F183D2BB171D3C21007B2302 /* GMaps3D-Prefix.pch */ = {isa = PBXFileReference; lastKnownFileType = sourcecode.c.h; path = "GMaps3D-Prefix.pch"; sourceTree = "<group>"; };
		F183D2BC171D3C21007B2302 /* AppDelegate.h */ = {isa = PBXFileReference; lastKnownFileType = sourcecode.c.h; path = AppDelegate.h; sourceTree = "<group>"; };
		F183D2BD171D3C21007B2302 /* AppDelegate.m */ = {isa = PBXFileReference; lastKnownFileType = sourcecode.c.objc; path = AppDelegate.m; sourceTree = "<group>"; };
		F183D2BF171D3C21007B2302 /* Default.png */ = {isa = PBXFileReference; lastKnownFileType = image.png; path = Default.png; sourceTree = "<group>"; };
		F183D2C1171D3C21007B2302 /* Default@2x.png */ = {isa = PBXFileReference; lastKnownFileType = image.png; path = "Default@2x.png"; sourceTree = "<group>"; };
		F183D2C3171D3C21007B2302 /* Default-568h@2x.png */ = {isa = PBXFileReference; lastKnownFileType = image.png; path = "Default-568h@2x.png"; sourceTree = "<group>"; };
		F183D2C6171D3C21007B2302 /* en */ = {isa = PBXFileReference; lastKnownFileType = file.storyboard; name = en; path = en.lproj/MainStoryboard_iPhone.storyboard; sourceTree = "<group>"; };
		F183D2C9171D3C21007B2302 /* en */ = {isa = PBXFileReference; lastKnownFileType = file.storyboard; name = en; path = en.lproj/MainStoryboard_iPad.storyboard; sourceTree = "<group>"; };
		F183D2CB171D3C21007B2302 /* ViewController.h */ = {isa = PBXFileReference; lastKnownFileType = sourcecode.c.h; path = ViewController.h; sourceTree = "<group>"; };
		F183D2CC171D3C21007B2302 /* ViewController.m */ = {isa = PBXFileReference; lastKnownFileType = sourcecode.c.objc; path = ViewController.m; sourceTree = "<group>"; };
		F183D2D3171D47E7007B2302 /* GoogleMaps.framework */ = {isa = PBXFileReference; lastKnownFileType = wrapper.framework; path = GoogleMaps.framework; sourceTree = "<group>"; };
		F183D2D7171D484B007B2302 /* GoogleMaps.bundle */ = {isa = PBXFileReference; lastKnownFileType = "wrapper.plug-in"; name = GoogleMaps.bundle; path = GoogleMaps.framework/Versions/A/Resources/GoogleMaps.bundle; sourceTree = "<group>"; };
		F183D2D9171D486B007B2302 /* AVFoundation.framework */ = {isa = PBXFileReference; lastKnownFileType = wrapper.framework; name = AVFoundation.framework; path = System/Library/Frameworks/AVFoundation.framework; sourceTree = SDKROOT; };
		F183D2DB171D4874007B2302 /* CoreData.framework */ = {isa = PBXFileReference; lastKnownFileType = wrapper.framework; name = CoreData.framework; path = System/Library/Frameworks/CoreData.framework; sourceTree = SDKROOT; };
		F183D2DD171D487A007B2302 /* CoreLocation.framework */ = {isa = PBXFileReference; lastKnownFileType = wrapper.framework; name = CoreLocation.framework; path = System/Library/Frameworks/CoreLocation.framework; sourceTree = SDKROOT; };
		F183D2DF171D4881007B2302 /* CoreText.framework */ = {isa = PBXFileReference; lastKnownFileType = wrapper.framework; name = CoreText.framework; path = System/Library/Frameworks/CoreText.framework; sourceTree = SDKROOT; };
		F183D2E1171D4887007B2302 /* GLKit.framework */ = {isa = PBXFileReference; lastKnownFileType = wrapper.framework; name = GLKit.framework; path = System/Library/Frameworks/GLKit.framework; sourceTree = SDKROOT; };
		F183D2E3171D488C007B2302 /* ImageIO.framework */ = {isa = PBXFileReference; lastKnownFileType = wrapper.framework; name = ImageIO.framework; path = System/Library/Frameworks/ImageIO.framework; sourceTree = SDKROOT; };
		F183D2E5171D4896007B2302 /* libc++.dylib */ = {isa = PBXFileReference; lastKnownFileType = "compiled.mach-o.dylib"; name = "libc++.dylib"; path = "usr/lib/libc++.dylib"; sourceTree = SDKROOT; };
		F183D2E7171D489F007B2302 /* libicucore.dylib */ = {isa = PBXFileReference; lastKnownFileType = "compiled.mach-o.dylib"; name = libicucore.dylib; path = usr/lib/libicucore.dylib; sourceTree = SDKROOT; };
		F183D2E9171D48A8007B2302 /* libz.dylib */ = {isa = PBXFileReference; lastKnownFileType = "compiled.mach-o.dylib"; name = libz.dylib; path = usr/lib/libz.dylib; sourceTree = SDKROOT; };
		F183D2EB171D48AE007B2302 /* OpenGLES.framework */ = {isa = PBXFileReference; lastKnownFileType = wrapper.framework; name = OpenGLES.framework; path = System/Library/Frameworks/OpenGLES.framework; sourceTree = SDKROOT; };
		F183D2ED171D48B4007B2302 /* QuartzCore.framework */ = {isa = PBXFileReference; lastKnownFileType = wrapper.framework; name = QuartzCore.framework; path = System/Library/Frameworks/QuartzCore.framework; sourceTree = SDKROOT; };
		F183D2EF171D48BA007B2302 /* SystemConfiguration.framework */ = {isa = PBXFileReference; lastKnownFileType = wrapper.framework; name = SystemConfiguration.framework; path = System/Library/Frameworks/SystemConfiguration.framework; sourceTree = SDKROOT; };
/* End PBXFileReference section */

/* Begin PBXFrameworksBuildPhase section */
		F183D2A7171D3C21007B2302 /* Frameworks */ = {
			isa = PBXFrameworksBuildPhase;
			buildActionMask = 2147483647;
			files = (
				F183D2F0171D48BA007B2302 /* SystemConfiguration.framework in Frameworks */,
				F183D2EE171D48B4007B2302 /* QuartzCore.framework in Frameworks */,
				F183D2EC171D48AE007B2302 /* OpenGLES.framework in Frameworks */,
				F183D2EA171D48A8007B2302 /* libz.dylib in Frameworks */,
				F183D2E8171D489F007B2302 /* libicucore.dylib in Frameworks */,
				F183D2E6171D4896007B2302 /* libc++.dylib in Frameworks */,
				F183D2E4171D488C007B2302 /* ImageIO.framework in Frameworks */,
				F183D2E2171D4887007B2302 /* GLKit.framework in Frameworks */,
				F183D2E0171D4881007B2302 /* CoreText.framework in Frameworks */,
				F183D2DE171D487A007B2302 /* CoreLocation.framework in Frameworks */,
				F183D2DC171D4874007B2302 /* CoreData.framework in Frameworks */,
				F183D2DA171D486B007B2302 /* AVFoundation.framework in Frameworks */,
				F183D2AE171D3C21007B2302 /* UIKit.framework in Frameworks */,
				F183D2B0171D3C21007B2302 /* Foundation.framework in Frameworks */,
				F183D2B2171D3C21007B2302 /* CoreGraphics.framework in Frameworks */,
				F183D2D4171D47E7007B2302 /* GoogleMaps.framework in Frameworks */,
			);
			runOnlyForDeploymentPostprocessing = 0;
		};
/* End PBXFrameworksBuildPhase section */

/* Begin PBXGroup section */
		7868AF21171DDF5F005A8219 /* views */ = {
			isa = PBXGroup;
			children = (
				7868AF22171DDF7C005A8219 /* MapMenuView.h */,
				7868AF23171DDF7C005A8219 /* MapMenuView.m */,
			);
			name = views;
			sourceTree = "<group>";
		};
		F183D2A1171D3C21007B2302 = {
			isa = PBXGroup;
			children = (
				F183D2B3171D3C21007B2302 /* GMaps3D */,
				F183D2AC171D3C21007B2302 /* Frameworks */,
				F183D2AB171D3C21007B2302 /* Products */,
			);
			sourceTree = "<group>";
		};
		F183D2AB171D3C21007B2302 /* Products */ = {
			isa = PBXGroup;
			children = (
				F183D2AA171D3C21007B2302 /* GMaps3D.app */,
			);
			name = Products;
			sourceTree = "<group>";
		};
		F183D2AC171D3C21007B2302 /* Frameworks */ = {
			isa = PBXGroup;
			children = (
				F183D2EF171D48BA007B2302 /* SystemConfiguration.framework */,
				F183D2ED171D48B4007B2302 /* QuartzCore.framework */,
				F183D2EB171D48AE007B2302 /* OpenGLES.framework */,
				F183D2E9171D48A8007B2302 /* libz.dylib */,
				F183D2E7171D489F007B2302 /* libicucore.dylib */,
				F183D2E5171D4896007B2302 /* libc++.dylib */,
				F183D2E3171D488C007B2302 /* ImageIO.framework */,
				F183D2E1171D4887007B2302 /* GLKit.framework */,
				F183D2DF171D4881007B2302 /* CoreText.framework */,
				F183D2DD171D487A007B2302 /* CoreLocation.framework */,
				F183D2DB171D4874007B2302 /* CoreData.framework */,
				F183D2D9171D486B007B2302 /* AVFoundation.framework */,
				F183D2D7171D484B007B2302 /* GoogleMaps.bundle */,
				F183D2D3171D47E7007B2302 /* GoogleMaps.framework */,
				F183D2AD171D3C21007B2302 /* UIKit.framework */,
				F183D2AF171D3C21007B2302 /* Foundation.framework */,
				F183D2B1171D3C21007B2302 /* CoreGraphics.framework */,
			);
			name = Frameworks;
			sourceTree = "<group>";
		};
		F183D2B3171D3C21007B2302 /* GMaps3D */ = {
			isa = PBXGroup;
			children = (
				7868AF21171DDF5F005A8219 /* views */,
				F183D2BC171D3C21007B2302 /* AppDelegate.h */,
				F183D2BD171D3C21007B2302 /* AppDelegate.m */,
				F183D2C5171D3C21007B2302 /* MainStoryboard_iPhone.storyboard */,
				F183D2C8171D3C21007B2302 /* MainStoryboard_iPad.storyboard */,
				F183D2CB171D3C21007B2302 /* ViewController.h */,
				F183D2CC171D3C21007B2302 /* ViewController.m */,
				F183D2B4171D3C21007B2302 /* Supporting Files */,
			);
			path = GMaps3D;
			sourceTree = "<group>";
		};
		F183D2B4171D3C21007B2302 /* Supporting Files */ = {
			isa = PBXGroup;
			children = (
				F183D2B5171D3C21007B2302 /* GMaps3D-Info.plist */,
				F183D2B6171D3C21007B2302 /* InfoPlist.strings */,
				F183D2B9171D3C21007B2302 /* main.m */,
				F183D2BB171D3C21007B2302 /* GMaps3D-Prefix.pch */,
				F183D2BF171D3C21007B2302 /* Default.png */,
				F183D2C1171D3C21007B2302 /* Default@2x.png */,
				F183D2C3171D3C21007B2302 /* Default-568h@2x.png */,
			);
			name = "Supporting Files";
			sourceTree = "<group>";
		};
/* End PBXGroup section */

/* Begin PBXNativeTarget section */
		F183D2A9171D3C21007B2302 /* GMaps3D */ = {
			isa = PBXNativeTarget;
			buildConfigurationList = F183D2D0171D3C21007B2302 /* Build configuration list for PBXNativeTarget "GMaps3D" */;
			buildPhases = (
				F183D2A6171D3C21007B2302 /* Sources */,
				F183D2A7171D3C21007B2302 /* Frameworks */,
				F183D2A8171D3C21007B2302 /* Resources */,
			);
			buildRules = (
			);
			dependencies = (
			);
			name = GMaps3D;
			productName = GMaps3D;
			productReference = F183D2AA171D3C21007B2302 /* GMaps3D.app */;
			productType = "com.apple.product-type.application";
		};
/* End PBXNativeTarget section */

/* Begin PBXProject section */
		F183D2A2171D3C21007B2302 /* Project object */ = {
			isa = PBXProject;
			attributes = {
				LastUpgradeCheck = 0460;
				ORGANIZATIONNAME = "Igor Rendulic";
			};
			buildConfigurationList = F183D2A5171D3C21007B2302 /* Build configuration list for PBXProject "GMaps3D" */;
			compatibilityVersion = "Xcode 3.2";
			developmentRegion = English;
			hasScannedForEncodings = 0;
			knownRegions = (
				en,
			);
			mainGroup = F183D2A1171D3C21007B2302;
			productRefGroup = F183D2AB171D3C21007B2302 /* Products */;
			projectDirPath = "";
			projectRoot = "";
			targets = (
				F183D2A9171D3C21007B2302 /* GMaps3D */,
			);
		};
/* End PBXProject section */

/* Begin PBXResourcesBuildPhase section */
		F183D2A8171D3C21007B2302 /* Resources */ = {
			isa = PBXResourcesBuildPhase;
			buildActionMask = 2147483647;
			files = (
				F183D2B8171D3C21007B2302 /* InfoPlist.strings in Resources */,
				F183D2C0171D3C21007B2302 /* Default.png in Resources */,
				F183D2C2171D3C21007B2302 /* Default@2x.png in Resources */,
				F183D2C4171D3C21007B2302 /* Default-568h@2x.png in Resources */,
				F183D2C7171D3C21007B2302 /* MainStoryboard_iPhone.storyboard in Resources */,
				F183D2CA171D3C21007B2302 /* MainStoryboard_iPad.storyboard in Resources */,
				F183D2D8171D484B007B2302 /* GoogleMaps.bundle in Resources */,
			);
			runOnlyForDeploymentPostprocessing = 0;
		};
/* End PBXResourcesBuildPhase section */

/* Begin PBXSourcesBuildPhase section */
		F183D2A6171D3C21007B2302 /* Sources */ = {
			isa = PBXSourcesBuildPhase;
			buildActionMask = 2147483647;
			files = (
				F183D2BA171D3C21007B2302 /* main.m in Sources */,
				F183D2BE171D3C21007B2302 /* AppDelegate.m in Sources */,
				F183D2CD171D3C21007B2302 /* ViewController.m in Sources */,
				7868AF24171DDF7C005A8219 /* MapMenuView.m in Sources */,
			);
			runOnlyForDeploymentPostprocessing = 0;
		};
/* End PBXSourcesBuildPhase section */

/* Begin PBXVariantGroup section */
		F183D2B6171D3C21007B2302 /* InfoPlist.strings */ = {
			isa = PBXVariantGroup;
			children = (
				F183D2B7171D3C21007B2302 /* en */,
			);
			name = InfoPlist.strings;
			sourceTree = "<group>";
		};
		F183D2C5171D3C21007B2302 /* MainStoryboard_iPhone.storyboard */ = {
			isa = PBXVariantGroup;
			children = (
				F183D2C6171D3C21007B2302 /* en */,
			);
			name = MainStoryboard_iPhone.storyboard;
			sourceTree = "<group>";
		};
		F183D2C8171D3C21007B2302 /* MainStoryboard_iPad.storyboard */ = {
			isa = PBXVariantGroup;
			children = (
				F183D2C9171D3C21007B2302 /* en */,
			);
			name = MainStoryboard_iPad.storyboard;
			sourceTree = "<group>";
		};
/* End PBXVariantGroup section */

/* Begin XCBuildConfiguration section */
		F183D2CE171D3C21007B2302 /* Debug */ = {
			isa = XCBuildConfiguration;
			buildSettings = {
				ALWAYS_SEARCH_USER_PATHS = NO;
				ARCHS = armv7;
				CLANG_CXX_LANGUAGE_STANDARD = "gnu++0x";
				CLANG_CXX_LIBRARY = "libc++";
				CLANG_ENABLE_OBJC_ARC = YES;
				CLANG_WARN_CONSTANT_CONVERSION = YES;
				CLANG_WARN_EMPTY_BODY = YES;
				CLANG_WARN_ENUM_CONVERSION = YES;
				CLANG_WARN_INT_CONVERSION = YES;
				CLANG_WARN__DUPLICATE_METHOD_MATCH = YES;
				"CODE_SIGN_IDENTITY[sdk=iphoneos*]" = "iPhone Developer";
				COPY_PHASE_STRIP = NO;
				GCC_C_LANGUAGE_STANDARD = gnu99;
				GCC_DYNAMIC_NO_PIC = NO;
				GCC_OPTIMIZATION_LEVEL = 0;
				GCC_PREPROCESSOR_DEFINITIONS = (
					"DEBUG=1",
					"$(inherited)",
				);
				GCC_SYMBOLS_PRIVATE_EXTERN = NO;
				GCC_WARN_ABOUT_RETURN_TYPE = YES;
				GCC_WARN_UNINITIALIZED_AUTOS = YES;
				GCC_WARN_UNUSED_VARIABLE = YES;
				IPHONEOS_DEPLOYMENT_TARGET = 6.1;
				ONLY_ACTIVE_ARCH = YES;
				OTHER_LDFLAGS = "-ObjC";
				SDKROOT = iphoneos;
				TARGETED_DEVICE_FAMILY = "1,2";
			};
			name = Debug;
		};
		F183D2CF171D3C21007B2302 /* Release */ = {
			isa = XCBuildConfiguration;
			buildSettings = {
				ALWAYS_SEARCH_USER_PATHS = NO;
				ARCHS = armv7;
				CLANG_CXX_LANGUAGE_STANDARD = "gnu++0x";
				CLANG_CXX_LIBRARY = "libc++";
				CLANG_ENABLE_OBJC_ARC = YES;
				CLANG_WARN_CONSTANT_CONVERSION = YES;
				CLANG_WARN_EMPTY_BODY = YES;
				CLANG_WARN_ENUM_CONVERSION = YES;
				CLANG_WARN_INT_CONVERSION = YES;
				CLANG_WARN__DUPLICATE_METHOD_MATCH = YES;
				"CODE_SIGN_IDENTITY[sdk=iphoneos*]" = "iPhone Developer";
				COPY_PHASE_STRIP = YES;
				GCC_C_LANGUAGE_STANDARD = gnu99;
				GCC_WARN_ABOUT_RETURN_TYPE = YES;
				GCC_WARN_UNINITIALIZED_AUTOS = YES;
				GCC_WARN_UNUSED_VARIABLE = YES;
				IPHONEOS_DEPLOYMENT_TARGET = 6.1;
				OTHER_CFLAGS = "-DNS_BLOCK_ASSERTIONS=1";
				OTHER_LDFLAGS = "-ObjC";
				SDKROOT = iphoneos;
				TARGETED_DEVICE_FAMILY = "1,2";
				VALIDATE_PRODUCT = YES;
			};
			name = Release;
		};
		F183D2D1171D3C21007B2302 /* Debug */ = {
			isa = XCBuildConfiguration;
			buildSettings = {
				FRAMEWORK_SEARCH_PATHS = (
					"$(inherited)",
					"\"$(SRCROOT)\"",
				);
				GCC_PRECOMPILE_PREFIX_HEADER = YES;
				GCC_PREFIX_HEADER = "GMaps3D/GMaps3D-Prefix.pch";
				INFOPLIST_FILE = "GMaps3D/GMaps3D-Info.plist";
				PRODUCT_NAME = "$(TARGET_NAME)";
				WRAPPER_EXTENSION = app;
			};
			name = Debug;
		};
		F183D2D2171D3C21007B2302 /* Release */ = {
			isa = XCBuildConfiguration;
			buildSettings = {
				FRAMEWORK_SEARCH_PATHS = (
					"$(inherited)",
					"\"$(SRCROOT)\"",
				);
				GCC_PRECOMPILE_PREFIX_HEADER = YES;
				GCC_PREFIX_HEADER = "GMaps3D/GMaps3D-Prefix.pch";
				INFOPLIST_FILE = "GMaps3D/GMaps3D-Info.plist";
				PRODUCT_NAME = "$(TARGET_NAME)";
				WRAPPER_EXTENSION = app;
			};
			name = Release;
		};
/* End XCBuildConfiguration section */

/* Begin XCConfigurationList section */
		F183D2A5171D3C21007B2302 /* Build configuration list for PBXProject "GMaps3D" */ = {
			isa = XCConfigurationList;
			buildConfigurations = (
				F183D2CE171D3C21007B2302 /* Debug */,
				F183D2CF171D3C21007B2302 /* Release */,
			);
			defaultConfigurationIsVisible = 0;
			defaultConfigurationName = Release;
		};
		F183D2D0171D3C21007B2302 /* Build configuration list for PBXNativeTarget "GMaps3D" */ = {
			isa = XCConfigurationList;
			buildConfigurations = (
				F183D2D1171D3C21007B2302 /* Debug */,
				F183D2D2171D3C21007B2302 /* Release */,
			);
			defaultConfigurationIsVisible = 0;
			defaultConfigurationName = Release;
		};
/* End XCConfigurationList section */
	};
	rootObject = F183D2A2171D3C21007B2302 /* Project object */;
}
